
Microsoft Visual Studio Solution File, Format Version 12.00
# Visual Studio Version 17
VisualStudioVersion = 17.9.34728.123
MinimumVisualStudioVersion = 10.0.40219.1
Project("{FAE04EC0-301F-11D3-BF4B-00C04F79EFBC}") = "Electronic Shop", "Electronic Shop\Electronic Shop.csproj", "{5EF67AA0-3024-4C1D-BF72-B2C84D7B460D}"
EndProject
Global
	GlobalSection(SolutionConfigurationPlatforms) = preSolution
		Debug|Any CPU = Debug|Any CPU
		Release|Any CPU = Release|Any CPU
	EndGlobalSection
	GlobalSection(ProjectConfigurationPlatforms) = postSolution
		{5EF67AA0-3024-4C1D-BF72-B2C84D7B460D}.Debug|Any CPU.ActiveCfg = Debug|Any CPU
		{5EF67AA0-3024-4C1D-BF72-B2C84D7B460D}.Debug|Any CPU.Build.0 = Debug|Any CPU
		{5EF67AA0-3024-4C1D-BF72-B2C84D7B460D}.Release|Any CPU.ActiveCfg = Release|Any CPU
		{5EF67AA0-3024-4C1D-BF72-B2C84D7B460D}.Release|Any CPU.Build.0 = Release|Any CPU
	EndGlobalSection
	GlobalSection(SolutionProperties) = preSolution
		HideSolutionNode = FALSE
	EndGlobalSection
	GlobalSection(ExtensibilityGlobals) = postSolution
		SolutionGuid = {CACA49FC-AE80-4529-A336-1E40A471D088}
	EndGlobalSection
EndGlobal
